
Microsoft Visual Studio Solution File, Format Version 12.00
# Visual Studio Version 17
VisualStudioVersion = 17.7.34221.43
MinimumVisualStudioVersion = 10.0.40219.1
Project("{2150E333-8FDC-42A3-9474-1A3956D46DE8}") = "src", "src", "{02FE9819-BD08-4893-84E9-FCAC215E9210}"
EndProject
Project("{2150E333-8FDC-42A3-9474-1A3956D46DE8}") = "tests", "tests", "{2B9C3266-0487-4FF4-A0A2-60170908520A}"
EndProject
Project("{9A19103F-16F7-4668-BE54-9A1E7A4F7556}") = "AnimeProxy.Api", "src\AnimeProxy.Api\AnimeProxy.Api.csproj", "{DADA8390-B8A1-479B-B5CE-1BD1705096C8}"
EndProject
Project("{9A19103F-16F7-4668-BE54-9A1E7A4F7556}") = "AnimeProxyApi.Core", "src\AnimeProxy.Core\AnimeProxyApi.Core.csproj", "{F5FD4C41-F634-43BB-8AEF-E985E0FF4870}"
EndProject
Project("{9A19103F-16F7-4668-BE54-9A1E7A4F7556}") = "AnimeApi.Adapter", "src\AnimeApi.Adapter\AnimeApi.Adapter.csproj", "{BC3C0156-6B6B-4910-957D-0B0F76053205}"
EndProject
Project("{9A19103F-16F7-4668-BE54-9A1E7A4F7556}") = "AnimeProxy.GraphQL", "src\AnimeProxy.GraphQL\AnimeProxy.GraphQL.csproj", "{0681754D-69C6-41F4-AC43-726119A49F29}"
EndProject
Project("{9A19103F-16F7-4668-BE54-9A1E7A4F7556}") = "AnimeProxy", "src\AnimeProxy\AnimeProxy.csproj", "{6DB6C54F-217E-4804-A4FC-3BEE06FE6819}"
EndProject
Global
	GlobalSection(SolutionConfigurationPlatforms) = preSolution
		Debug|Any CPU = Debug|Any CPU
		Release|Any CPU = Release|Any CPU
	EndGlobalSection
	GlobalSection(ProjectConfigurationPlatforms) = postSolution
		{DADA8390-B8A1-479B-B5CE-1BD1705096C8}.Debug|Any CPU.ActiveCfg = Debug|Any CPU
		{DADA8390-B8A1-479B-B5CE-1BD1705096C8}.Debug|Any CPU.Build.0 = Debug|Any CPU
		{DADA8390-B8A1-479B-B5CE-1BD1705096C8}.Release|Any CPU.ActiveCfg = Release|Any CPU
		{DADA8390-B8A1-479B-B5CE-1BD1705096C8}.Release|Any CPU.Build.0 = Release|Any CPU
		{F5FD4C41-F634-43BB-8AEF-E985E0FF4870}.Debug|Any CPU.ActiveCfg = Debug|Any CPU
		{F5FD4C41-F634-43BB-8AEF-E985E0FF4870}.Debug|Any CPU.Build.0 = Debug|Any CPU
		{F5FD4C41-F634-43BB-8AEF-E985E0FF4870}.Release|Any CPU.ActiveCfg = Release|Any CPU
		{F5FD4C41-F634-43BB-8AEF-E985E0FF4870}.Release|Any CPU.Build.0 = Release|Any CPU
		{BC3C0156-6B6B-4910-957D-0B0F76053205}.Debug|Any CPU.ActiveCfg = Debug|Any CPU
		{BC3C0156-6B6B-4910-957D-0B0F76053205}.Debug|Any CPU.Build.0 = Debug|Any CPU
		{BC3C0156-6B6B-4910-957D-0B0F76053205}.Release|Any CPU.ActiveCfg = Release|Any CPU
		{BC3C0156-6B6B-4910-957D-0B0F76053205}.Release|Any CPU.Build.0 = Release|Any CPU
		{0681754D-69C6-41F4-AC43-726119A49F29}.Debug|Any CPU.ActiveCfg = Debug|Any CPU
		{0681754D-69C6-41F4-AC43-726119A49F29}.Debug|Any CPU.Build.0 = Debug|Any CPU
		{0681754D-69C6-41F4-AC43-726119A49F29}.Release|Any CPU.ActiveCfg = Release|Any CPU
		{0681754D-69C6-41F4-AC43-726119A49F29}.Release|Any CPU.Build.0 = Release|Any CPU
		{6DB6C54F-217E-4804-A4FC-3BEE06FE6819}.Debug|Any CPU.ActiveCfg = Debug|Any CPU
		{6DB6C54F-217E-4804-A4FC-3BEE06FE6819}.Debug|Any CPU.Build.0 = Debug|Any CPU
		{6DB6C54F-217E-4804-A4FC-3BEE06FE6819}.Release|Any CPU.ActiveCfg = Release|Any CPU
		{6DB6C54F-217E-4804-A4FC-3BEE06FE6819}.Release|Any CPU.Build.0 = Release|Any CPU
	EndGlobalSection
	GlobalSection(SolutionProperties) = preSolution
		HideSolutionNode = FALSE
	EndGlobalSection
	GlobalSection(NestedProjects) = preSolution
		{DADA8390-B8A1-479B-B5CE-1BD1705096C8} = {02FE9819-BD08-4893-84E9-FCAC215E9210}
		{F5FD4C41-F634-43BB-8AEF-E985E0FF4870} = {02FE9819-BD08-4893-84E9-FCAC215E9210}
		{BC3C0156-6B6B-4910-957D-0B0F76053205} = {02FE9819-BD08-4893-84E9-FCAC215E9210}
		{0681754D-69C6-41F4-AC43-726119A49F29} = {02FE9819-BD08-4893-84E9-FCAC215E9210}
		{6DB6C54F-217E-4804-A4FC-3BEE06FE6819} = {02FE9819-BD08-4893-84E9-FCAC215E9210}
	EndGlobalSection
	GlobalSection(ExtensibilityGlobals) = postSolution
		SolutionGuid = {595644DB-F01E-4BF4-A976-33B2398C1CA4}
	EndGlobalSection
EndGlobal
